
Microsoft Visual Studio Solution File, Format Version 12.00
# Visual Studio Version 17
VisualStudioVersion = 17.2.32630.192
MinimumVisualStudioVersion = 10.0.40219.1
Project("{9A19103F-16F7-4668-BE54-9A1E7A4F7556}") = "Class Abstract", "ConsoleApp17\Class Abstract.csproj", "{5183B0CB-4F50-4429-ADD5-A920C9F5AC89}"
EndProject
Project("{9A19103F-16F7-4668-BE54-9A1E7A4F7556}") = "ConsoleApp18", "..\ConsoleApp18\ConsoleApp18\ConsoleApp18.csproj", "{8518F475-BC30-4BEF-954F-C2C7CDD6882D}"
EndProject
Global
	GlobalSection(SolutionConfigurationPlatforms) = preSolution
		Debug|Any CPU = Debug|Any CPU
		Release|Any CPU = Release|Any CPU
	EndGlobalSection
	GlobalSection(ProjectConfigurationPlatforms) = postSolution
		{5183B0CB-4F50-4429-ADD5-A920C9F5AC89}.Debug|Any CPU.ActiveCfg = Debug|Any CPU
		{5183B0CB-4F50-4429-ADD5-A920C9F5AC89}.Debug|Any CPU.Build.0 = Debug|Any CPU
		{5183B0CB-4F50-4429-ADD5-A920C9F5AC89}.Release|Any CPU.ActiveCfg = Release|Any CPU
		{5183B0CB-4F50-4429-ADD5-A920C9F5AC89}.Release|Any CPU.Build.0 = Release|Any CPU
		{8518F475-BC30-4BEF-954F-C2C7CDD6882D}.Debug|Any CPU.ActiveCfg = Debug|Any CPU
		{8518F475-BC30-4BEF-954F-C2C7CDD6882D}.Debug|Any CPU.Build.0 = Debug|Any CPU
		{8518F475-BC30-4BEF-954F-C2C7CDD6882D}.Release|Any CPU.ActiveCfg = Release|Any CPU
		{8518F475-BC30-4BEF-954F-C2C7CDD6882D}.Release|Any CPU.Build.0 = Release|Any CPU
	EndGlobalSection
	GlobalSection(SolutionProperties) = preSolution
		HideSolutionNode = FALSE
	EndGlobalSection
	GlobalSection(ExtensibilityGlobals) = postSolution
		SolutionGuid = {357A659B-80F6-4702-B7AE-BCDE973D38C4}
	EndGlobalSection
EndGlobal
